{
  "version": 4,
  "terraform_version": "1.5.7",
  "serial": 5,
  "lineage": "7aacadf4-ec85-b278-1c8c-a1957f5ff76b",
  "outputs": {
    "lambda_arn": {
      "value": "arn:aws:lambda:us-west-2:224580969491:function:order-processor-lambda",
      "type": "string"
    },
    "lambda_function_name": {
      "value": "order-processor-lambda",
      "type": "string"
    }
  },
  "resources": [
    {
      "mode": "data",
      "type": "aws_iam_role",
      "name": "lab_role",
      "provider": "provider[\"registry.terraform.io/hashicorp/aws\"]",
      "instances": [
        {
          "schema_version": 0,
          "attributes": {
            "arn": "arn:aws:iam::224580969491:role/LabRole",
            "assume_role_policy": "{\"Version\":\"2012-10-17\",\"Statement\":[{\"Effect\":\"Allow\",\"Principal\":{\"Service\":[\"dynamodb.amazonaws.com\",\"application-autoscaling.amazonaws.com\",\"lambda.amazonaws.com\",\"iotevents.amazonaws.com\",\"elasticloadbalancing.amazonaws.com\",\"elasticfilesystem.amazonaws.com\",\"events.amazonaws.com\",\"rekognition.amazonaws.com\",\"codecommit.amazonaws.com\",\"cognito-idp.amazonaws.com\",\"glue.amazonaws.com\",\"firehose.amazonaws.com\",\"cloudtrail.amazonaws.com\",\"s3.amazonaws.com\",\"eks-fargate-pods.amazonaws.com\",\"eks.amazonaws.com\",\"deepracer.amazonaws.com\",\"kinesisanalytics.amazonaws.com\",\"iotanalytics.amazonaws.com\",\"sns.amazonaws.com\",\"kinesis.amazonaws.com\",\"kms.amazonaws.com\",\"secretsmanager.amazonaws.com\",\"databrew.amazonaws.com\",\"sagemaker.amazonaws.com\",\"ssm.amazonaws.com\",\"athena.amazonaws.com\",\"redshift.amazonaws.com\",\"elasticbeanstalk.amazonaws.com\",\"codewhisperer.amazonaws.com\",\"cloudformation.amazonaws.com\",\"ecs.amazonaws.com\",\"ec2.application-autoscaling.amazonaws.com\",\"elasticmapreduce.amazonaws.com\",\"sqs.amazonaws.com\",\"codedeploy.amazonaws.com\",\"apigateway.amazonaws.com\",\"logs.amazonaws.com\",\"ec2.amazonaws.com\",\"credentials.iot.amazonaws.com\",\"states.amazonaws.com\",\"forecast.amazonaws.com\",\"resource-groups.amazonaws.com\",\"rds.amazonaws.com\",\"servicecatalog.amazonaws.com\",\"iot.amazonaws.com\",\"batch.amazonaws.com\",\"scheduler.amazonaws.com\",\"ecs-tasks.amazonaws.com\",\"cloud9.amazonaws.com\",\"backup.amazonaws.com\",\"pipes.amazonaws.com\",\"autoscaling.amazonaws.com\"],\"AWS\":\"arn:aws:iam::224580969491:role/LabRole\"},\"Action\":\"sts:AssumeRole\"}]}",
            "create_date": "2026-01-17T00:15:16Z",
            "description": "",
            "id": "LabRole",
            "max_session_duration": 3600,
            "name": "LabRole",
            "path": "/",
            "permissions_boundary": "",
            "role_last_used": [
              {
                "last_used_date": "2026-03-13T23:06:49Z",
                "region": "us-west-2"
              }
            ],
            "tags": {
              "cloudlab": "c195402a5014886l13502043t1w224580969491"
            },
            "unique_id": "AROATISQRUQJ2FKS7PEQI"
          },
          "sensitive_attributes": []
        }
      ]
    },
    {
      "mode": "managed",
      "type": "aws_cloudwatch_log_group",
      "name": "lambda",
      "provider": "provider[\"registry.terraform.io/hashicorp/aws\"]",
      "instances": [
        {
          "schema_version": 0,
          "attributes": {
            "arn": "arn:aws:logs:us-west-2:224580969491:log-group:/aws/lambda/order-processor-lambda",
            "id": "/aws/lambda/order-processor-lambda",
            "kms_key_id": "",
            "log_group_class": "STANDARD",
            "name": "/aws/lambda/order-processor-lambda",
            "name_prefix": "",
            "retention_in_days": 7,
            "skip_destroy": false,
            "tags": null,
            "tags_all": {}
          },
          "sensitive_attributes": [],
          "private": "bnVsbA=="
        }
      ]
    },
    {
      "mode": "managed",
      "type": "aws_lambda_function",
      "name": "order_processor",
      "provider": "provider[\"registry.terraform.io/hashicorp/aws\"]",
      "instances": [
        {
          "schema_version": 0,
          "attributes": {
            "architectures": [
              "x86_64"
            ],
            "arn": "arn:aws:lambda:us-west-2:224580969491:function:order-processor-lambda",
            "code_sha256": "R9E8tT//YG1N4XXHYHei03cGwuOSytV4bKrgUzYfqgM=",
            "code_signing_config_arn": "",
            "dead_letter_config": [],
            "description": "",
            "environment": [],
            "ephemeral_storage": [
              {
                "size": 512
              }
            ],
            "file_system_config": [],
            "filename": "../lambda/function.zip",
            "function_name": "order-processor-lambda",
            "handler": "bootstrap",
            "id": "order-processor-lambda",
            "image_config": [],
            "image_uri": "",
            "invoke_arn": "arn:aws:apigateway:us-west-2:lambda:path/2015-03-31/functions/arn:aws:lambda:us-west-2:224580969491:function:order-processor-lambda/invocations",
            "kms_key_arn": "",
            "last_modified": "2026-03-13T23:17:21.513+0000",
            "layers": null,
            "logging_config": [
              {
                "application_log_level": "",
                "log_format": "Text",
                "log_group": "/aws/lambda/order-processor-lambda",
                "system_log_level": ""
              }
            ],
            "memory_size": 512,
            "package_type": "Zip",
            "publish": false,
            "qualified_arn": "arn:aws:lambda:us-west-2:224580969491:function:order-processor-lambda:$LATEST",
            "qualified_invoke_arn": "arn:aws:apigateway:us-west-2:lambda:path/2015-03-31/functions/arn:aws:lambda:us-west-2:224580969491:function:order-processor-lambda:$LATEST/invocations",
            "replace_security_groups_on_destroy": null,
            "replacement_security_group_ids": null,
            "reserved_concurrent_executions": -1,
            "role": "arn:aws:iam::224580969491:role/LabRole",
            "runtime": "provided.al2",
            "s3_bucket": null,
            "s3_key": null,
            "s3_object_version": null,
            "signing_job_arn": "",
            "signing_profile_version_arn": "",
            "skip_destroy": false,
            "snap_start": [],
            "source_code_hash": "R9E8tT//YG1N4XXHYHei03cGwuOSytV4bKrgUzYfqgM=",
            "source_code_size": 6134670,
            "tags": {
              "Name": "hw7-order-processor-lambda"
            },
            "tags_all": {
              "Name": "hw7-order-processor-lambda"
            },
            "timeout": 30,
            "timeouts": null,
            "tracing_config": [
              {
                "mode": "PassThrough"
              }
            ],
            "version": "$LATEST",
            "vpc_config": []
          },
          "sensitive_attributes": [],
          "private": "eyJlMmJmYjczMC1lY2FhLTExZTYtOGY4OC0zNDM2M2JjN2M0YzAiOnsiY3JlYXRlIjo2MDAwMDAwMDAwMDAsImRlbGV0ZSI6NjAwMDAwMDAwMDAwLCJ1cGRhdGUiOjYwMDAwMDAwMDAwMH19",
          "dependencies": [
            "data.aws_iam_role.lab_role"
          ]
        }
      ]
    },
    {
      "mode": "managed",
      "type": "aws_lambda_permission",
      "name": "sns",
      "provider": "provider[\"registry.terraform.io/hashicorp/aws\"]",
      "instances": [
        {
          "schema_version": 0,
          "attributes": {
            "action": "lambda:InvokeFunction",
            "event_source_token": null,
            "function_name": "order-processor-lambda",
            "function_url_auth_type": null,
            "id": "AllowSNSInvoke",
            "principal": "sns.amazonaws.com",
            "principal_org_id": null,
            "qualifier": "",
            "source_account": null,
            "source_arn": "arn:aws:sns:us-west-2:224580969491:order-processing-events",
            "statement_id": "AllowSNSInvoke",
            "statement_id_prefix": ""
          },
          "sensitive_attributes": [],
          "private": "bnVsbA==",
          "dependencies": [
            "aws_lambda_function.order_processor",
            "data.aws_iam_role.lab_role"
          ]
        }
      ]
    },
    {
      "mode": "managed",
      "type": "aws_sns_topic_subscription",
      "name": "lambda",
      "provider": "provider[\"registry.terraform.io/hashicorp/aws\"]",
      "instances": [
        {
          "schema_version": 0,
          "attributes": {
            "arn": "arn:aws:sns:us-west-2:224580969491:order-processing-events:948619ce-d2b2-4717-aaff-6ecb99688026",
            "confirmation_timeout_in_minutes": 1,
            "confirmation_was_authenticated": true,
            "delivery_policy": "",
            "endpoint": "arn:aws:lambda:us-west-2:224580969491:function:order-processor-lambda",
            "endpoint_auto_confirms": false,
            "filter_policy": "",
            "filter_policy_scope": "",
            "id": "arn:aws:sns:us-west-2:224580969491:order-processing-events:948619ce-d2b2-4717-aaff-6ecb99688026",
            "owner_id": "224580969491",
            "pending_confirmation": false,
            "protocol": "lambda",
            "raw_message_delivery": false,
            "redrive_policy": "",
            "replay_policy": "",
            "subscription_role_arn": "",
            "topic_arn": "arn:aws:sns:us-west-2:224580969491:order-processing-events"
          },
          "sensitive_attributes": [],
          "private": "bnVsbA==",
          "dependencies": [
            "aws_lambda_function.order_processor",
            "data.aws_iam_role.lab_role"
          ]
        }
      ]
    }
  ],
  "check_results": null
}
